
Microsoft Visual Studio Solution File, Format Version 12.00
# Visual Studio Version 16
VisualStudioVersion = 16.0.31624.102
MinimumVisualStudioVersion = 10.0.40219.1
Project("{FAE04EC0-301F-11D3-BF4B-00C04F79EFBC}") = "TEST.SocialLogin.Back", "TEST.SocialLogin.Back\TEST.SocialLogin.Back.csproj", "{13EB67ED-899D-4096-976E-B455F5D59BB4}"
EndProject
Global
	GlobalSection(SolutionConfigurationPlatforms) = preSolution
		Debug|Any CPU = Debug|Any CPU
		Release|Any CPU = Release|Any CPU
	EndGlobalSection
	GlobalSection(ProjectConfigurationPlatforms) = postSolution
		{13EB67ED-899D-4096-976E-B455F5D59BB4}.Debug|Any CPU.ActiveCfg = Debug|Any CPU
		{13EB67ED-899D-4096-976E-B455F5D59BB4}.Debug|Any CPU.Build.0 = Debug|Any CPU
		{13EB67ED-899D-4096-976E-B455F5D59BB4}.Release|Any CPU.ActiveCfg = Release|Any CPU
		{13EB67ED-899D-4096-976E-B455F5D59BB4}.Release|Any CPU.Build.0 = Release|Any CPU
	EndGlobalSection
	GlobalSection(SolutionProperties) = preSolution
		HideSolutionNode = FALSE
	EndGlobalSection
	GlobalSection(ExtensibilityGlobals) = postSolution
		SolutionGuid = {156FF5B8-6486-4088-BD4C-B816E5269621}
	EndGlobalSection
EndGlobal
